
Microsoft Visual Studio Solution File, Format Version 12.00
Project("{FAE04EC0-301F-11D3-BF4B-00C04F79EFBC}") = "SEP3.PaperlessExam", "SEP3.PaperlessExam\SEP3.PaperlessExam.csproj", "{D4FB13EB-D9A1-4EFF-90AF-EE839753BFCB}"
EndProject
Global
	GlobalSection(SolutionConfigurationPlatforms) = preSolution
		Debug|Any CPU = Debug|Any CPU
		Release|Any CPU = Release|Any CPU
	EndGlobalSection
	GlobalSection(ProjectConfigurationPlatforms) = postSolution
		{D4FB13EB-D9A1-4EFF-90AF-EE839753BFCB}.Debug|Any CPU.ActiveCfg = Debug|Any CPU
		{D4FB13EB-D9A1-4EFF-90AF-EE839753BFCB}.Debug|Any CPU.Build.0 = Debug|Any CPU
		{D4FB13EB-D9A1-4EFF-90AF-EE839753BFCB}.Release|Any CPU.ActiveCfg = Release|Any CPU
		{D4FB13EB-D9A1-4EFF-90AF-EE839753BFCB}.Release|Any CPU.Build.0 = Release|Any CPU
	EndGlobalSection
EndGlobal
